
Microsoft Visual Studio Solution File, Format Version 12.00
# Visual Studio 15
VisualStudioVersion = 15.0.28307.168
MinimumVisualStudioVersion = 10.0.40219.1
Project("{FAE04EC0-301F-11D3-BF4B-00C04F79EFBC}") = "ConsoleApp1", "ConsoleApp1\ConsoleApp1.csproj", "{D0FCCF40-56A4-4897-9F62-F7EF59CED4F2}"
EndProject
Global
	GlobalSection(SolutionConfigurationPlatforms) = preSolution
		Debug|Any CPU = Debug|Any CPU
		Release|Any CPU = Release|Any CPU
	EndGlobalSection
	GlobalSection(ProjectConfigurationPlatforms) = postSolution
		{D0FCCF40-56A4-4897-9F62-F7EF59CED4F2}.Debug|Any CPU.ActiveCfg = Debug|Any CPU
		{D0FCCF40-56A4-4897-9F62-F7EF59CED4F2}.Debug|Any CPU.Build.0 = Debug|Any CPU
		{D0FCCF40-56A4-4897-9F62-F7EF59CED4F2}.Release|Any CPU.ActiveCfg = Release|Any CPU
		{D0FCCF40-56A4-4897-9F62-F7EF59CED4F2}.Release|Any CPU.Build.0 = Release|Any CPU
	EndGlobalSection
	GlobalSection(SolutionProperties) = preSolution
		HideSolutionNode = FALSE
	EndGlobalSection
	GlobalSection(ExtensibilityGlobals) = postSolution
		SolutionGuid = {669148BC-2394-4386-BB24-166B3BEE7FF5}
	EndGlobalSection
EndGlobal
